
Microsoft Visual Studio Solution File, Format Version 12.00
# Visual Studio Version 17
VisualStudioVersion = 17.7.34202.233
MinimumVisualStudioVersion = 10.0.40219.1
Project("{FAE04EC0-301F-11D3-BF4B-00C04F79EFBC}") = "Controls", "WindowsFormsApp1\Controls.csproj", "{61DE67EB-428E-40C9-A702-93329019401F}"
EndProject
Global
	GlobalSection(SolutionConfigurationPlatforms) = preSolution
		Debug|Any CPU = Debug|Any CPU
		Release|Any CPU = Release|Any CPU
	EndGlobalSection
	GlobalSection(ProjectConfigurationPlatforms) = postSolution
		{61DE67EB-428E-40C9-A702-93329019401F}.Debug|Any CPU.ActiveCfg = Debug|Any CPU
		{61DE67EB-428E-40C9-A702-93329019401F}.Debug|Any CPU.Build.0 = Debug|Any CPU
		{61DE67EB-428E-40C9-A702-93329019401F}.Release|Any CPU.ActiveCfg = Release|Any CPU
		{61DE67EB-428E-40C9-A702-93329019401F}.Release|Any CPU.Build.0 = Release|Any CPU
	EndGlobalSection
	GlobalSection(SolutionProperties) = preSolution
		HideSolutionNode = FALSE
	EndGlobalSection
	GlobalSection(ExtensibilityGlobals) = postSolution
		SolutionGuid = {0D2D0B0E-97D6-4E66-AA81-8684D0213AF8}
	EndGlobalSection
EndGlobal
